
Microsoft Visual Studio Solution File, Format Version 12.00
# Visual Studio 15
VisualStudioVersion = 15.0.27703.2035
MinimumVisualStudioVersion = 10.0.40219.1
Project("{888888A0-9F3D-457C-B088-3A5042F75D52}") = "pajton", "pajton\pajton.pyproj", "{F20C260D-3684-4556-B7BA-EC384CD44668}"
EndProject
Global
	GlobalSection(SolutionConfigurationPlatforms) = preSolution
		Debug|Any CPU = Debug|Any CPU
		Release|Any CPU = Release|Any CPU
	EndGlobalSection
	GlobalSection(ProjectConfigurationPlatforms) = postSolution
		{F20C260D-3684-4556-B7BA-EC384CD44668}.Debug|Any CPU.ActiveCfg = Debug|Any CPU
		{F20C260D-3684-4556-B7BA-EC384CD44668}.Release|Any CPU.ActiveCfg = Release|Any CPU
	EndGlobalSection
	GlobalSection(SolutionProperties) = preSolution
		HideSolutionNode = FALSE
	EndGlobalSection
	GlobalSection(ExtensibilityGlobals) = postSolution
		SolutionGuid = {4BBAF6D7-2CC8-4739-A88E-505698CE9D10}
	EndGlobalSection
EndGlobal
